
Microsoft Visual Studio Solution File, Format Version 12.00
Project("{FAE04EC0-301F-11D3-BF4B-00C04F79EFBC}") = "DeadLetterQueue.RabbitMQ", "DeadLetterQueue.RabbitMQ\DeadLetterQueue.RabbitMQ.csproj", "{78A9192E-41CF-45BC-B69F-B14BBC8E29CC}"
EndProject
Global
	GlobalSection(SolutionConfigurationPlatforms) = preSolution
		Debug|Any CPU = Debug|Any CPU
		Release|Any CPU = Release|Any CPU
	EndGlobalSection
	GlobalSection(ProjectConfigurationPlatforms) = postSolution
		{78A9192E-41CF-45BC-B69F-B14BBC8E29CC}.Debug|Any CPU.ActiveCfg = Debug|Any CPU
		{78A9192E-41CF-45BC-B69F-B14BBC8E29CC}.Debug|Any CPU.Build.0 = Debug|Any CPU
		{78A9192E-41CF-45BC-B69F-B14BBC8E29CC}.Release|Any CPU.ActiveCfg = Release|Any CPU
		{78A9192E-41CF-45BC-B69F-B14BBC8E29CC}.Release|Any CPU.Build.0 = Release|Any CPU
	EndGlobalSection
EndGlobal
